{
  "nodes": {
    "nixpkgs": {
      "locked": {
        "lastModified": 1777878834,
        "narHash": "sha256-gIQyIosGbhLKiAXJqzBFWXaJXXy92nLXUHSSLmabamE=",
        "owner": "NixOS",
        "repo": "nixpkgs",
        "rev": "a7034dc667b81c1568c092bf9e04b154a50dfeca",
        "type": "github"
      },
      "original": {
        "owner": "NixOS",
        "repo": "nixpkgs",
        "type": "github"
      }
    },
    "root": {
      "inputs": {
        "nixpkgs": "nixpkgs"
      }
    }
  },
  "root": "root",
  "version": 7
}
