{
  "nodes": {
    "nixpkgs": {
      "locked": {
        "lastModified": 1769519433,
        "narHash": "sha256-JRO/MoMDihE9DAw8SgRfZ5ceF7bUodGHetMHtaEp7Ac=",
        "owner": "NixOS",
        "repo": "nixpkgs",
        "rev": "adf094941d6aa880bf36578ac4aae1573ee10e8a",
        "type": "github"
      },
      "original": {
        "owner": "NixOS",
        "repo": "nixpkgs",
        "type": "github"
      }
    },
    "root": {
      "inputs": {
        "nixpkgs": "nixpkgs"
      }
    }
  },
  "root": "root",
  "version": 7
}
